{
	"name": "@vilango/uniforms-polaris",
	"version": "3.5.5",
	"lockfileVersion": 2,
	"requires": true,
	"packages": {
		"": {
			"name": "@vilango/uniforms-polaris",
			"version": "3.5.5",
			"license": "MIT",
			"dependencies": {
				"uniforms": "3.5.5"
			},
			"peerDependencies": {
				"@shopify/polaris": "^3.18.0",
				"@shopify/polaris-icons": "^3.4.0",
				"react": "^16.0.0 || ^17.0.0"
			}
		},
		"node_modules/@babel/runtime": {
			"version": "7.5.5",
			"resolved": "https://registry.npmjs.org/@babel/runtime/-/runtime-7.5.5.tgz",
			"integrity": "sha512-28QvEGyQyNkB0/m2B4FU7IEZGK2NUrcMtT6BZEFALTguLk+AUT6ofsHtPk5QyjAdUkpMJ+/Em+quwz4HOt30AQ==",
			"peer": true,
			"dependencies": {
				"regenerator-runtime": "^0.13.2"
			}
		},
		"node_modules/@shopify/polaris": {
			"version": "3.21.1",
			"resolved": "https://registry.npmjs.org/@shopify/polaris/-/polaris-3.21.1.tgz",
			"integrity": "sha512-tyud6Kbwe6S4r4LwDoEraj3yYx7EtJ5vT59Lszczlfyf/LE9aPoGt3kIU0bmwPEXaMCQs19ujJEfv9Y6LzTR8Q==",
			"peer": true,
			"dependencies": {
				"@babel/runtime": "^7.1.6",
				"@shopify/app-bridge": "^1.3.0",
				"@shopify/css-utilities": "^1.0.0",
				"@shopify/javascript-utilities": "^2.2.1",
				"@shopify/polaris-icons": "^3.3.0",
				"@shopify/polaris-tokens": "^2.6.0",
				"@shopify/react-compose": "^1.0.0",
				"@shopify/useful-types": "^1.2.4",
				"@types/react": "^16.4.7",
				"@types/react-dom": "^16.0.6",
				"@types/react-transition-group": "^2.0.7",
				"hoist-non-react-statics": "^2.5.0",
				"lodash": "^4.17.4",
				"prop-types": "^15.6.1",
				"react-transition-group": "^2.4.0",
				"tslib": "^1.9.3"
			},
			"peerDependencies": {
				"react": "^16.3.1",
				"react-dom": "^16.3.1"
			}
		},
		"node_modules/@shopify/polaris-icons": {
			"version": "3.12.0",
			"resolved": "https://registry.npmjs.org/@shopify/polaris-icons/-/polaris-icons-3.12.0.tgz",
			"integrity": "sha512-2mFVSasVkZ6N7J5jOfnl4F83Ws6Q3xLef/k1pz3iV2osw0vUyJN0U4+E1H/8MFpY0hpBshTZYa1nHLwx9ORlPQ==",
			"peer": true
		},
		"node_modules/@shopify/polaris/node_modules/@shopify/app-bridge": {
			"version": "1.30.0",
			"resolved": "https://registry.npmjs.org/@shopify/app-bridge/-/app-bridge-1.30.0.tgz",
			"integrity": "sha512-I8esEzsWzGiZ4Ek8qceVMbkPptwcu57P6VbO5FUW6m3p2jymcq/bvIRaKbc2oDdAUmMdmpd4Dl/B874aWtJegg==",
			"peer": true
		},
		"node_modules/@shopify/polaris/node_modules/@shopify/css-utilities": {
			"version": "1.1.4",
			"resolved": "https://registry.npmjs.org/@shopify/css-utilities/-/css-utilities-1.1.4.tgz",
			"integrity": "sha512-ThVe2uUQKUz3oKf3Txtj3Ae5fe6gEgHivbFsPvX7sL13EhZTEF+FiYFicUXWaPymrMYQbX7xa3vzygadetAHGw==",
			"peer": true,
			"dependencies": {
				"@types/classnames": "^2.2.7",
				"classnames": "^2.2.6"
			}
		},
		"node_modules/@shopify/polaris/node_modules/@shopify/javascript-utilities": {
			"version": "2.4.1",
			"resolved": "https://registry.npmjs.org/@shopify/javascript-utilities/-/javascript-utilities-2.4.1.tgz",
			"integrity": "sha512-CDp4nWHjVXTr+rYV5RMBs8aJ5PbXUdbz47jnKisBWa9GFwJktZFj2PxefXqfLd51KpIuQpFnA/NMvq4M5tdTlw==",
			"peer": true,
			"dependencies": {
				"@types/lodash": "^4.14.65",
				"@types/react": "^16.0.2",
				"lodash": "^4.17.4",
				"lodash-decorators": "^4.3.5"
			}
		},
		"node_modules/@shopify/polaris/node_modules/@shopify/polaris-tokens": {
			"version": "2.21.1",
			"resolved": "https://registry.npmjs.org/@shopify/polaris-tokens/-/polaris-tokens-2.21.1.tgz",
			"integrity": "sha512-v4gQQashbv+3bUZ14wPVyomUhdmDDhhyx0BJKagQUC6vu1KWWnrXKC3Li2VgPHYTN5v+B+/0vAfNvSIxR+FArw==",
			"peer": true,
			"dependencies": {
				"hsluv": "^0.1.0",
				"tslib": "^1.14.1"
			}
		},
		"node_modules/@shopify/polaris/node_modules/@shopify/react-compose": {
			"version": "1.1.7",
			"resolved": "https://registry.npmjs.org/@shopify/react-compose/-/react-compose-1.1.7.tgz",
			"integrity": "sha512-ewToGdG6f7No2lYE2c1NYdSRuhV5QiorhkTKUpd5Y1sf//Oi4MMellsvURU4M1yN9MFkMKAnYISdqFqjR/jyDw==",
			"peer": true,
			"dependencies": {
				"@shopify/useful-types": "^2.4.2",
				"hoist-non-react-statics": "^3.0.1"
			},
			"peerDependencies": {
				"react": "^16.3.2"
			}
		},
		"node_modules/@shopify/polaris/node_modules/@shopify/react-compose/node_modules/@shopify/useful-types": {
			"version": "2.4.2",
			"resolved": "https://registry.npmjs.org/@shopify/useful-types/-/useful-types-2.4.2.tgz",
			"integrity": "sha512-wTcq2QF3BwdOY7KnClwYE+8JRGgDdjR62DxopLub6bWpESjQAaMYyqC2ppV0PUjGKakmKC6YIDyhw0ZX6uzN7w==",
			"peer": true
		},
		"node_modules/@shopify/polaris/node_modules/@shopify/react-compose/node_modules/hoist-non-react-statics": {
			"version": "3.3.2",
			"resolved": "https://registry.npmjs.org/hoist-non-react-statics/-/hoist-non-react-statics-3.3.2.tgz",
			"integrity": "sha512-/gGivxi8JPKWNm/W0jSmzcMPpfpPLc3dY/6GxhX2hQ9iGj3aDfklV4ET7NjKpSinLpJ5vafa9iiGIEZg10SfBw==",
			"peer": true,
			"dependencies": {
				"react-is": "^16.7.0"
			}
		},
		"node_modules/@shopify/polaris/node_modules/@shopify/useful-types": {
			"version": "1.3.0",
			"resolved": "https://registry.npmjs.org/@shopify/useful-types/-/useful-types-1.3.0.tgz",
			"integrity": "sha512-BQw5KFuDm7aAH1bPECxnC1bPyaLSmZP0ecs0XwzKtgltBHWGvgu8dpqNXvY+sDfG5tnF+79EjiytRCOsTElyIg==",
			"peer": true,
			"dependencies": {
				"@types/react": ">=16.4.0",
				"tslib": "^1.9.3"
			}
		},
		"node_modules/@shopify/polaris/node_modules/@types/classnames": {
			"version": "2.3.1",
			"resolved": "https://registry.npmjs.org/@types/classnames/-/classnames-2.3.1.tgz",
			"integrity": "sha512-zeOWb0JGBoVmlQoznvqXbE0tEC/HONsnoUNH19Hc96NFsTAwTXbTqb8FMYkru1F/iqp7a18Ws3nWJvtA1sHD1A==",
			"deprecated": "This is a stub types definition. classnames provides its own type definitions, so you do not need this installed.",
			"peer": true,
			"dependencies": {
				"classnames": "*"
			}
		},
		"node_modules/@shopify/polaris/node_modules/@types/lodash": {
			"version": "4.14.172",
			"resolved": "https://registry.npmjs.org/@types/lodash/-/lodash-4.14.172.tgz",
			"integrity": "sha512-/BHF5HAx3em7/KkzVKm3LrsD6HZAXuXO1AJZQ3cRRBZj4oHZDviWPYu0aEplAqDFNHZPW6d3G7KN+ONcCCC7pw==",
			"peer": true
		},
		"node_modules/@shopify/polaris/node_modules/@types/prop-types": {
			"version": "15.7.4",
			"resolved": "https://registry.npmjs.org/@types/prop-types/-/prop-types-15.7.4.tgz",
			"integrity": "sha512-rZ5drC/jWjrArrS8BR6SIr4cWpW09RNTYt9AMZo3Jwwif+iacXAqgVjm0B0Bv/S1jhDXKHqRVNCbACkJ89RAnQ==",
			"peer": true
		},
		"node_modules/@shopify/polaris/node_modules/@types/react": {
			"version": "16.14.14",
			"resolved": "https://registry.npmjs.org/@types/react/-/react-16.14.14.tgz",
			"integrity": "sha512-uwIWDYW8LznHzEMJl7ag9St1RsK0gw/xaFZ5+uI1ZM1HndwUgmPH3/wQkSb87GkOVg7shUxnpNW8DcN0AzvG5Q==",
			"peer": true,
			"dependencies": {
				"@types/prop-types": "*",
				"@types/scheduler": "*",
				"csstype": "^3.0.2"
			}
		},
		"node_modules/@shopify/polaris/node_modules/@types/react-dom": {
			"version": "16.9.14",
			"resolved": "https://registry.npmjs.org/@types/react-dom/-/react-dom-16.9.14.tgz",
			"integrity": "sha512-FIX2AVmPTGP30OUJ+0vadeIFJJ07Mh1m+U0rxfgyW34p3rTlXI+nlenvAxNn4BP36YyI9IJ/+UJ7Wu22N1pI7A==",
			"peer": true,
			"dependencies": {
				"@types/react": "^16"
			}
		},
		"node_modules/@shopify/polaris/node_modules/@types/react-transition-group": {
			"version": "2.9.2",
			"resolved": "https://registry.npmjs.org/@types/react-transition-group/-/react-transition-group-2.9.2.tgz",
			"integrity": "sha512-5Fv2DQNO+GpdPZcxp2x/OQG/H19A01WlmpjVD9cKvVFmoVLOZ9LvBgSWG6pSXIU4og5fgbvGPaCV5+VGkWAEHA==",
			"peer": true,
			"dependencies": {
				"@types/react": "*"
			}
		},
		"node_modules/@shopify/polaris/node_modules/@types/scheduler": {
			"version": "0.16.2",
			"resolved": "https://registry.npmjs.org/@types/scheduler/-/scheduler-0.16.2.tgz",
			"integrity": "sha512-hppQEBDmlwhFAXKJX2KnWLYu5yMfi91yazPb2l+lbJiwW+wdo1gNeRA+3RgNSO39WYX2euey41KEwnqesU2Jew==",
			"peer": true
		},
		"node_modules/@shopify/polaris/node_modules/classnames": {
			"version": "2.3.1",
			"resolved": "https://registry.npmjs.org/classnames/-/classnames-2.3.1.tgz",
			"integrity": "sha512-OlQdbZ7gLfGarSqxesMesDa5uz7KFbID8Kpq/SxIoNGDqY8lSYs0D+hhtBXhcdB3rcbXArFr7vlHheLk1voeNA==",
			"peer": true
		},
		"node_modules/@shopify/polaris/node_modules/csstype": {
			"version": "3.0.8",
			"resolved": "https://registry.npmjs.org/csstype/-/csstype-3.0.8.tgz",
			"integrity": "sha512-jXKhWqXPmlUeoQnF/EhTtTl4C9SnrxSH/jZUih3jmO6lBKr99rP3/+FmrMj4EFpOXzMtXHAZkd3x0E6h6Fgflw==",
			"peer": true
		},
		"node_modules/@shopify/polaris/node_modules/dom-helpers": {
			"version": "3.4.0",
			"resolved": "https://registry.npmjs.org/dom-helpers/-/dom-helpers-3.4.0.tgz",
			"integrity": "sha512-LnuPJ+dwqKDIyotW1VzmOZ5TONUN7CwkCR5hrgawTUbkBGYdeoNLZo6nNfGkCrjtE1nXXaj7iMMpDa8/d9WoIA==",
			"peer": true,
			"dependencies": {
				"@babel/runtime": "^7.1.2"
			}
		},
		"node_modules/@shopify/polaris/node_modules/hoist-non-react-statics": {
			"version": "2.5.5",
			"resolved": "https://registry.npmjs.org/hoist-non-react-statics/-/hoist-non-react-statics-2.5.5.tgz",
			"integrity": "sha512-rqcy4pJo55FTTLWt+bU8ukscqHeE/e9KWvsOW2b/a3afxQZhwkQdT1rPPCJ0rYXdj4vNcasY8zHTH+jF/qStxw==",
			"peer": true
		},
		"node_modules/@shopify/polaris/node_modules/hsluv": {
			"version": "0.1.0",
			"resolved": "https://registry.npmjs.org/hsluv/-/hsluv-0.1.0.tgz",
			"integrity": "sha512-ERcanKLAszD2XN3Vh5r5Szkrv9q0oSTudmP0rkiKAGM/3NMc9FLmMZBB7TSqTaXJfSDBOreYTfjezCOYbRKqlw==",
			"peer": true
		},
		"node_modules/@shopify/polaris/node_modules/lodash-decorators": {
			"version": "4.5.0",
			"resolved": "https://registry.npmjs.org/lodash-decorators/-/lodash-decorators-4.5.0.tgz",
			"integrity": "sha512-isfVBBSzzXu7Z6abY/Bit5hCbM+gPhQx/DluTPAmzUPF3KRtvLLRNBgVFUxw6B8vwTMGyQFRVqbvQBli9hsXZA==",
			"peer": true,
			"dependencies": {
				"tslib": "^1.7.1"
			},
			"engines": {
				"node": ">=0.12.0"
			},
			"peerDependencies": {
				"lodash": "4.x"
			}
		},
		"node_modules/@shopify/polaris/node_modules/react-lifecycles-compat": {
			"version": "3.0.4",
			"resolved": "https://registry.npmjs.org/react-lifecycles-compat/-/react-lifecycles-compat-3.0.4.tgz",
			"integrity": "sha512-fBASbA6LnOU9dOU2eW7aQ8xmYBSXUIWr+UmF9b1efZBazGNO+rcXT/icdKnYm2pTwcRylVUYwW7H1PHfLekVzA==",
			"peer": true
		},
		"node_modules/@shopify/polaris/node_modules/react-transition-group": {
			"version": "2.9.0",
			"resolved": "https://registry.npmjs.org/react-transition-group/-/react-transition-group-2.9.0.tgz",
			"integrity": "sha512-+HzNTCHpeQyl4MJ/bdE0u6XRMe9+XG/+aL4mCxVN4DnPBQ0/5bfHWPDuOZUzYdMj94daZaZdCCc1Dzt9R/xSSg==",
			"peer": true,
			"dependencies": {
				"dom-helpers": "^3.4.0",
				"loose-envify": "^1.4.0",
				"prop-types": "^15.6.2",
				"react-lifecycles-compat": "^3.0.4"
			},
			"peerDependencies": {
				"react": ">=15.0.0",
				"react-dom": ">=15.0.0"
			}
		},
		"node_modules/@shopify/polaris/node_modules/tslib": {
			"version": "1.14.1",
			"resolved": "https://registry.npmjs.org/tslib/-/tslib-1.14.1.tgz",
			"integrity": "sha512-Xni35NKzjgMrwevysHTCArtLDpPvye8zV/0E4EyYn43P7/7qvQwPh9BGkHewbMulVntbigmcT7rdX3BNo9wRJg==",
			"peer": true
		},
		"node_modules/invariant": {
			"version": "2.2.4",
			"resolved": "https://registry.npmjs.org/invariant/-/invariant-2.2.4.tgz",
			"integrity": "sha512-phJfQVBuaJM5raOpJjSfkiD6BpbCE4Ns//LaXl6wGYtUBY83nWS6Rf9tXm2e8VaK60JEjYldbPif/A2B1C2gNA==",
			"dependencies": {
				"loose-envify": "^1.0.0"
			}
		},
		"node_modules/js-tokens": {
			"version": "4.0.0",
			"resolved": "https://registry.npmjs.org/js-tokens/-/js-tokens-4.0.0.tgz",
			"integrity": "sha512-RdJUflcE3cUzKiMqQgsCu06FPu9UdIJO0beYbPhHN4k6apgJtifcoCtT9bcxOpYBtpD2kCM6Sbzg4CausW/PKQ=="
		},
		"node_modules/lodash": {
			"version": "4.17.15",
			"resolved": "https://registry.npmjs.org/lodash/-/lodash-4.17.15.tgz",
			"integrity": "sha512-8xOcRHvCjnocdS5cpwXQXVzmmh5e5+saE2QGoeQmbKmRS6J3VQppPOIt0MnmE+4xlZoumy0GPG0D0MVIQbNA1A=="
		},
		"node_modules/loose-envify": {
			"version": "1.4.0",
			"resolved": "https://registry.npmjs.org/loose-envify/-/loose-envify-1.4.0.tgz",
			"integrity": "sha512-lyuxPGr/Wfhrlem2CL/UcnUc1zcqKAImBDzukY7Y5F/yQiNdko6+fRLevlw1HgMySw7f611UIY408EtxRSoK3Q==",
			"dependencies": {
				"js-tokens": "^3.0.0 || ^4.0.0"
			},
			"bin": {
				"loose-envify": "cli.js"
			}
		},
		"node_modules/object-assign": {
			"version": "4.1.1",
			"resolved": "https://registry.npmjs.org/object-assign/-/object-assign-4.1.1.tgz",
			"integrity": "sha1-IQmtx5ZYh8/AXLvUQsrIv7s2CGM=",
			"peer": true,
			"engines": {
				"node": ">=0.10.0"
			}
		},
		"node_modules/prop-types": {
			"version": "15.7.2",
			"resolved": "https://registry.npmjs.org/prop-types/-/prop-types-15.7.2.tgz",
			"integrity": "sha512-8QQikdH7//R2vurIJSutZ1smHYTcLpRWEOlHnzcWHmBYrOGUysKwSsrC89BCiFj3CbrfJ/nXFdJepOVrY1GCHQ==",
			"peer": true,
			"dependencies": {
				"loose-envify": "^1.4.0",
				"object-assign": "^4.1.1",
				"react-is": "^16.8.1"
			}
		},
		"node_modules/react": {
			"version": "16.14.0",
			"resolved": "https://registry.npmjs.org/react/-/react-16.14.0.tgz",
			"integrity": "sha512-0X2CImDkJGApiAlcf0ODKIneSwBPhqJawOa5wCtKbu7ZECrmS26NvtSILynQ66cgkT/RJ4LidJOc3bUESwmU8g==",
			"peer": true,
			"dependencies": {
				"loose-envify": "^1.1.0",
				"object-assign": "^4.1.1",
				"prop-types": "^15.6.2"
			},
			"engines": {
				"node": ">=0.10.0"
			}
		},
		"node_modules/react-dom": {
			"version": "16.14.0",
			"resolved": "https://registry.npmjs.org/react-dom/-/react-dom-16.14.0.tgz",
			"integrity": "sha512-1gCeQXDLoIqMgqD3IO2Ah9bnf0w9kzhwN5q4FGnHZ67hBm9yePzB5JJAIQCc8x3pFnNlwFq4RidZggNAAkzWWw==",
			"peer": true,
			"dependencies": {
				"loose-envify": "^1.1.0",
				"object-assign": "^4.1.1",
				"prop-types": "^15.6.2",
				"scheduler": "^0.19.1"
			},
			"peerDependencies": {
				"react": "^16.14.0"
			}
		},
		"node_modules/react-dom/node_modules/scheduler": {
			"version": "0.19.1",
			"resolved": "https://registry.npmjs.org/scheduler/-/scheduler-0.19.1.tgz",
			"integrity": "sha512-n/zwRWRYSUj0/3g/otKDRPMh6qv2SYMWNq85IEa8iZyAv8od9zDYpGSnpBEjNgcMNq6Scbu5KfIPxNF72R/2EA==",
			"peer": true,
			"dependencies": {
				"loose-envify": "^1.1.0",
				"object-assign": "^4.1.1"
			}
		},
		"node_modules/react-is": {
			"version": "16.8.6",
			"resolved": "https://registry.npmjs.org/react-is/-/react-is-16.8.6.tgz",
			"integrity": "sha512-aUk3bHfZ2bRSVFFbbeVS4i+lNPZr3/WM5jT2J5omUVV1zzcs1nAaf3l51ctA5FFvCRbhrH0bdAsRRQddFJZPtA==",
			"peer": true
		},
		"node_modules/regenerator-runtime": {
			"version": "0.13.2",
			"resolved": "https://registry.npmjs.org/regenerator-runtime/-/regenerator-runtime-0.13.2.tgz",
			"integrity": "sha512-S/TQAZJO+D3m9xeN1WTI8dLKBBiRgXBlTJvbWjCThHWZj9EvHK70Ff50/tYj2J/fvBY6JtFVwRuazHN2E7M9BA==",
			"peer": true
		},
		"node_modules/uniforms": {
			"version": "3.5.5",
			"resolved": "https://registry.npmjs.org/uniforms/-/uniforms-3.5.5.tgz",
			"integrity": "sha512-X5EQnm2CL5KSbu+ZAUua8sIZbzCMXtmSFQf3hTzBQydzYkhy1mm+19OcdrvJJn//Bf8vbUcaycxefZ9qRL4hKA==",
			"dependencies": {
				"invariant": "^2.0.0",
				"lodash": "^4.0.0",
				"tslib": "^2.2.0"
			},
			"funding": {
				"url": "https://github.com/vazco/uniforms?sponsor=1"
			},
			"peerDependencies": {
				"react": "^17.0.0 || ^16.8.0"
			}
		},
		"node_modules/uniforms/node_modules/tslib": {
			"version": "2.3.1",
			"resolved": "https://registry.npmjs.org/tslib/-/tslib-2.3.1.tgz",
			"integrity": "sha512-77EbyPPpMz+FRFRuAFlWMtmgUWGe9UOG2Z25NqCwiIjRhOf5iKGuzSe5P2w1laq+FkRy4p+PCuVkJSGkzTEKVw=="
		}
	},
	"dependencies": {
		"@babel/runtime": {
			"version": "7.5.5",
			"resolved": "https://registry.npmjs.org/@babel/runtime/-/runtime-7.5.5.tgz",
			"integrity": "sha512-28QvEGyQyNkB0/m2B4FU7IEZGK2NUrcMtT6BZEFALTguLk+AUT6ofsHtPk5QyjAdUkpMJ+/Em+quwz4HOt30AQ==",
			"peer": true,
			"requires": {
				"regenerator-runtime": "^0.13.2"
			}
		},
		"@shopify/polaris": {
			"version": "3.21.1",
			"resolved": "https://registry.npmjs.org/@shopify/polaris/-/polaris-3.21.1.tgz",
			"integrity": "sha512-tyud6Kbwe6S4r4LwDoEraj3yYx7EtJ5vT59Lszczlfyf/LE9aPoGt3kIU0bmwPEXaMCQs19ujJEfv9Y6LzTR8Q==",
			"peer": true,
			"requires": {
				"@babel/runtime": "^7.1.6",
				"@shopify/app-bridge": "^1.3.0",
				"@shopify/css-utilities": "^1.0.0",
				"@shopify/javascript-utilities": "^2.2.1",
				"@shopify/polaris-icons": "^3.3.0",
				"@shopify/polaris-tokens": "^2.6.0",
				"@shopify/react-compose": "^1.0.0",
				"@shopify/useful-types": "^1.2.4",
				"@types/react": "^16.4.7",
				"@types/react-dom": "^16.0.6",
				"@types/react-transition-group": "^2.0.7",
				"hoist-non-react-statics": "^2.5.0",
				"lodash": "^4.17.4",
				"prop-types": "^15.6.1",
				"react-transition-group": "^2.4.0",
				"tslib": "^1.9.3"
			},
			"dependencies": {
				"@shopify/app-bridge": {
					"version": "1.30.0",
					"resolved": "https://registry.npmjs.org/@shopify/app-bridge/-/app-bridge-1.30.0.tgz",
					"integrity": "sha512-I8esEzsWzGiZ4Ek8qceVMbkPptwcu57P6VbO5FUW6m3p2jymcq/bvIRaKbc2oDdAUmMdmpd4Dl/B874aWtJegg==",
					"peer": true
				},
				"@shopify/css-utilities": {
					"version": "1.1.4",
					"resolved": "https://registry.npmjs.org/@shopify/css-utilities/-/css-utilities-1.1.4.tgz",
					"integrity": "sha512-ThVe2uUQKUz3oKf3Txtj3Ae5fe6gEgHivbFsPvX7sL13EhZTEF+FiYFicUXWaPymrMYQbX7xa3vzygadetAHGw==",
					"peer": true,
					"requires": {
						"@types/classnames": "^2.2.7",
						"classnames": "^2.2.6"
					}
				},
				"@shopify/javascript-utilities": {
					"version": "2.4.1",
					"resolved": "https://registry.npmjs.org/@shopify/javascript-utilities/-/javascript-utilities-2.4.1.tgz",
					"integrity": "sha512-CDp4nWHjVXTr+rYV5RMBs8aJ5PbXUdbz47jnKisBWa9GFwJktZFj2PxefXqfLd51KpIuQpFnA/NMvq4M5tdTlw==",
					"peer": true,
					"requires": {
						"@types/lodash": "^4.14.65",
						"@types/react": "^16.0.2",
						"lodash": "^4.17.4",
						"lodash-decorators": "^4.3.5"
					}
				},
				"@shopify/polaris-tokens": {
					"version": "2.21.1",
					"resolved": "https://registry.npmjs.org/@shopify/polaris-tokens/-/polaris-tokens-2.21.1.tgz",
					"integrity": "sha512-v4gQQashbv+3bUZ14wPVyomUhdmDDhhyx0BJKagQUC6vu1KWWnrXKC3Li2VgPHYTN5v+B+/0vAfNvSIxR+FArw==",
					"peer": true,
					"requires": {
						"hsluv": "^0.1.0",
						"tslib": "^1.14.1"
					}
				},
				"@shopify/react-compose": {
					"version": "1.1.7",
					"resolved": "https://registry.npmjs.org/@shopify/react-compose/-/react-compose-1.1.7.tgz",
					"integrity": "sha512-ewToGdG6f7No2lYE2c1NYdSRuhV5QiorhkTKUpd5Y1sf//Oi4MMellsvURU4M1yN9MFkMKAnYISdqFqjR/jyDw==",
					"peer": true,
					"requires": {
						"@shopify/useful-types": "^2.4.2",
						"hoist-non-react-statics": "^3.0.1"
					},
					"dependencies": {
						"@shopify/useful-types": {
							"version": "2.4.2",
							"resolved": "https://registry.npmjs.org/@shopify/useful-types/-/useful-types-2.4.2.tgz",
							"integrity": "sha512-wTcq2QF3BwdOY7KnClwYE+8JRGgDdjR62DxopLub6bWpESjQAaMYyqC2ppV0PUjGKakmKC6YIDyhw0ZX6uzN7w==",
							"peer": true
						},
						"hoist-non-react-statics": {
							"version": "3.3.2",
							"resolved": "https://registry.npmjs.org/hoist-non-react-statics/-/hoist-non-react-statics-3.3.2.tgz",
							"integrity": "sha512-/gGivxi8JPKWNm/W0jSmzcMPpfpPLc3dY/6GxhX2hQ9iGj3aDfklV4ET7NjKpSinLpJ5vafa9iiGIEZg10SfBw==",
							"peer": true,
							"requires": {
								"react-is": "^16.7.0"
							}
						}
					}
				},
				"@shopify/useful-types": {
					"version": "1.3.0",
					"resolved": "https://registry.npmjs.org/@shopify/useful-types/-/useful-types-1.3.0.tgz",
					"integrity": "sha512-BQw5KFuDm7aAH1bPECxnC1bPyaLSmZP0ecs0XwzKtgltBHWGvgu8dpqNXvY+sDfG5tnF+79EjiytRCOsTElyIg==",
					"peer": true,
					"requires": {
						"@types/react": ">=16.4.0",
						"tslib": "^1.9.3"
					}
				},
				"@types/classnames": {
					"version": "2.3.1",
					"resolved": "https://registry.npmjs.org/@types/classnames/-/classnames-2.3.1.tgz",
					"integrity": "sha512-zeOWb0JGBoVmlQoznvqXbE0tEC/HONsnoUNH19Hc96NFsTAwTXbTqb8FMYkru1F/iqp7a18Ws3nWJvtA1sHD1A==",
					"peer": true,
					"requires": {
						"classnames": "*"
					}
				},
				"@types/lodash": {
					"version": "4.14.172",
					"resolved": "https://registry.npmjs.org/@types/lodash/-/lodash-4.14.172.tgz",
					"integrity": "sha512-/BHF5HAx3em7/KkzVKm3LrsD6HZAXuXO1AJZQ3cRRBZj4oHZDviWPYu0aEplAqDFNHZPW6d3G7KN+ONcCCC7pw==",
					"peer": true
				},
				"@types/prop-types": {
					"version": "15.7.4",
					"resolved": "https://registry.npmjs.org/@types/prop-types/-/prop-types-15.7.4.tgz",
					"integrity": "sha512-rZ5drC/jWjrArrS8BR6SIr4cWpW09RNTYt9AMZo3Jwwif+iacXAqgVjm0B0Bv/S1jhDXKHqRVNCbACkJ89RAnQ==",
					"peer": true
				},
				"@types/react": {
					"version": "16.14.14",
					"resolved": "https://registry.npmjs.org/@types/react/-/react-16.14.14.tgz",
					"integrity": "sha512-uwIWDYW8LznHzEMJl7ag9St1RsK0gw/xaFZ5+uI1ZM1HndwUgmPH3/wQkSb87GkOVg7shUxnpNW8DcN0AzvG5Q==",
					"peer": true,
					"requires": {
						"@types/prop-types": "*",
						"@types/scheduler": "*",
						"csstype": "^3.0.2"
					}
				},
				"@types/react-dom": {
					"version": "16.9.14",
					"resolved": "https://registry.npmjs.org/@types/react-dom/-/react-dom-16.9.14.tgz",
					"integrity": "sha512-FIX2AVmPTGP30OUJ+0vadeIFJJ07Mh1m+U0rxfgyW34p3rTlXI+nlenvAxNn4BP36YyI9IJ/+UJ7Wu22N1pI7A==",
					"peer": true,
					"requires": {
						"@types/react": "^16"
					}
				},
				"@types/react-transition-group": {
					"version": "2.9.2",
					"resolved": "https://registry.npmjs.org/@types/react-transition-group/-/react-transition-group-2.9.2.tgz",
					"integrity": "sha512-5Fv2DQNO+GpdPZcxp2x/OQG/H19A01WlmpjVD9cKvVFmoVLOZ9LvBgSWG6pSXIU4og5fgbvGPaCV5+VGkWAEHA==",
					"peer": true,
					"requires": {
						"@types/react": "*"
					}
				},
				"@types/scheduler": {
					"version": "0.16.2",
					"resolved": "https://registry.npmjs.org/@types/scheduler/-/scheduler-0.16.2.tgz",
					"integrity": "sha512-hppQEBDmlwhFAXKJX2KnWLYu5yMfi91yazPb2l+lbJiwW+wdo1gNeRA+3RgNSO39WYX2euey41KEwnqesU2Jew==",
					"peer": true
				},
				"classnames": {
					"version": "2.3.1",
					"resolved": "https://registry.npmjs.org/classnames/-/classnames-2.3.1.tgz",
					"integrity": "sha512-OlQdbZ7gLfGarSqxesMesDa5uz7KFbID8Kpq/SxIoNGDqY8lSYs0D+hhtBXhcdB3rcbXArFr7vlHheLk1voeNA==",
					"peer": true
				},
				"csstype": {
					"version": "3.0.8",
					"resolved": "https://registry.npmjs.org/csstype/-/csstype-3.0.8.tgz",
					"integrity": "sha512-jXKhWqXPmlUeoQnF/EhTtTl4C9SnrxSH/jZUih3jmO6lBKr99rP3/+FmrMj4EFpOXzMtXHAZkd3x0E6h6Fgflw==",
					"peer": true
				},
				"dom-helpers": {
					"version": "3.4.0",
					"resolved": "https://registry.npmjs.org/dom-helpers/-/dom-helpers-3.4.0.tgz",
					"integrity": "sha512-LnuPJ+dwqKDIyotW1VzmOZ5TONUN7CwkCR5hrgawTUbkBGYdeoNLZo6nNfGkCrjtE1nXXaj7iMMpDa8/d9WoIA==",
					"peer": true,
					"requires": {
						"@babel/runtime": "^7.1.2"
					}
				},
				"hoist-non-react-statics": {
					"version": "2.5.5",
					"resolved": "https://registry.npmjs.org/hoist-non-react-statics/-/hoist-non-react-statics-2.5.5.tgz",
					"integrity": "sha512-rqcy4pJo55FTTLWt+bU8ukscqHeE/e9KWvsOW2b/a3afxQZhwkQdT1rPPCJ0rYXdj4vNcasY8zHTH+jF/qStxw==",
					"peer": true
				},
				"hsluv": {
					"version": "0.1.0",
					"resolved": "https://registry.npmjs.org/hsluv/-/hsluv-0.1.0.tgz",
					"integrity": "sha512-ERcanKLAszD2XN3Vh5r5Szkrv9q0oSTudmP0rkiKAGM/3NMc9FLmMZBB7TSqTaXJfSDBOreYTfjezCOYbRKqlw==",
					"peer": true
				},
				"lodash-decorators": {
					"version": "4.5.0",
					"resolved": "https://registry.npmjs.org/lodash-decorators/-/lodash-decorators-4.5.0.tgz",
					"integrity": "sha512-isfVBBSzzXu7Z6abY/Bit5hCbM+gPhQx/DluTPAmzUPF3KRtvLLRNBgVFUxw6B8vwTMGyQFRVqbvQBli9hsXZA==",
					"peer": true,
					"requires": {
						"tslib": "^1.7.1"
					}
				},
				"react-lifecycles-compat": {
					"version": "3.0.4",
					"resolved": "https://registry.npmjs.org/react-lifecycles-compat/-/react-lifecycles-compat-3.0.4.tgz",
					"integrity": "sha512-fBASbA6LnOU9dOU2eW7aQ8xmYBSXUIWr+UmF9b1efZBazGNO+rcXT/icdKnYm2pTwcRylVUYwW7H1PHfLekVzA==",
					"peer": true
				},
				"react-transition-group": {
					"version": "2.9.0",
					"resolved": "https://registry.npmjs.org/react-transition-group/-/react-transition-group-2.9.0.tgz",
					"integrity": "sha512-+HzNTCHpeQyl4MJ/bdE0u6XRMe9+XG/+aL4mCxVN4DnPBQ0/5bfHWPDuOZUzYdMj94daZaZdCCc1Dzt9R/xSSg==",
					"peer": true,
					"requires": {
						"dom-helpers": "^3.4.0",
						"loose-envify": "^1.4.0",
						"prop-types": "^15.6.2",
						"react-lifecycles-compat": "^3.0.4"
					}
				},
				"tslib": {
					"version": "1.14.1",
					"resolved": "https://registry.npmjs.org/tslib/-/tslib-1.14.1.tgz",
					"integrity": "sha512-Xni35NKzjgMrwevysHTCArtLDpPvye8zV/0E4EyYn43P7/7qvQwPh9BGkHewbMulVntbigmcT7rdX3BNo9wRJg==",
					"peer": true
				}
			}
		},
		"@shopify/polaris-icons": {
			"version": "3.12.0",
			"resolved": "https://registry.npmjs.org/@shopify/polaris-icons/-/polaris-icons-3.12.0.tgz",
			"integrity": "sha512-2mFVSasVkZ6N7J5jOfnl4F83Ws6Q3xLef/k1pz3iV2osw0vUyJN0U4+E1H/8MFpY0hpBshTZYa1nHLwx9ORlPQ==",
			"peer": true
		},
		"invariant": {
			"version": "2.2.4",
			"resolved": "https://registry.npmjs.org/invariant/-/invariant-2.2.4.tgz",
			"integrity": "sha512-phJfQVBuaJM5raOpJjSfkiD6BpbCE4Ns//LaXl6wGYtUBY83nWS6Rf9tXm2e8VaK60JEjYldbPif/A2B1C2gNA==",
			"requires": {
				"loose-envify": "^1.0.0"
			}
		},
		"js-tokens": {
			"version": "4.0.0",
			"resolved": "https://registry.npmjs.org/js-tokens/-/js-tokens-4.0.0.tgz",
			"integrity": "sha512-RdJUflcE3cUzKiMqQgsCu06FPu9UdIJO0beYbPhHN4k6apgJtifcoCtT9bcxOpYBtpD2kCM6Sbzg4CausW/PKQ=="
		},
		"lodash": {
			"version": "4.17.15",
			"resolved": "https://registry.npmjs.org/lodash/-/lodash-4.17.15.tgz",
			"integrity": "sha512-8xOcRHvCjnocdS5cpwXQXVzmmh5e5+saE2QGoeQmbKmRS6J3VQppPOIt0MnmE+4xlZoumy0GPG0D0MVIQbNA1A=="
		},
		"loose-envify": {
			"version": "1.4.0",
			"resolved": "https://registry.npmjs.org/loose-envify/-/loose-envify-1.4.0.tgz",
			"integrity": "sha512-lyuxPGr/Wfhrlem2CL/UcnUc1zcqKAImBDzukY7Y5F/yQiNdko6+fRLevlw1HgMySw7f611UIY408EtxRSoK3Q==",
			"requires": {
				"js-tokens": "^3.0.0 || ^4.0.0"
			}
		},
		"object-assign": {
			"version": "4.1.1",
			"resolved": "https://registry.npmjs.org/object-assign/-/object-assign-4.1.1.tgz",
			"integrity": "sha1-IQmtx5ZYh8/AXLvUQsrIv7s2CGM=",
			"peer": true
		},
		"prop-types": {
			"version": "15.7.2",
			"resolved": "https://registry.npmjs.org/prop-types/-/prop-types-15.7.2.tgz",
			"integrity": "sha512-8QQikdH7//R2vurIJSutZ1smHYTcLpRWEOlHnzcWHmBYrOGUysKwSsrC89BCiFj3CbrfJ/nXFdJepOVrY1GCHQ==",
			"peer": true,
			"requires": {
				"loose-envify": "^1.4.0",
				"object-assign": "^4.1.1",
				"react-is": "^16.8.1"
			}
		},
		"react": {
			"version": "16.14.0",
			"resolved": "https://registry.npmjs.org/react/-/react-16.14.0.tgz",
			"integrity": "sha512-0X2CImDkJGApiAlcf0ODKIneSwBPhqJawOa5wCtKbu7ZECrmS26NvtSILynQ66cgkT/RJ4LidJOc3bUESwmU8g==",
			"peer": true,
			"requires": {
				"loose-envify": "^1.1.0",
				"object-assign": "^4.1.1",
				"prop-types": "^15.6.2"
			}
		},
		"react-dom": {
			"version": "16.14.0",
			"resolved": "https://registry.npmjs.org/react-dom/-/react-dom-16.14.0.tgz",
			"integrity": "sha512-1gCeQXDLoIqMgqD3IO2Ah9bnf0w9kzhwN5q4FGnHZ67hBm9yePzB5JJAIQCc8x3pFnNlwFq4RidZggNAAkzWWw==",
			"peer": true,
			"requires": {
				"loose-envify": "^1.1.0",
				"object-assign": "^4.1.1",
				"prop-types": "^15.6.2",
				"scheduler": "^0.19.1"
			},
			"dependencies": {
				"scheduler": {
					"version": "0.19.1",
					"resolved": "https://registry.npmjs.org/scheduler/-/scheduler-0.19.1.tgz",
					"integrity": "sha512-n/zwRWRYSUj0/3g/otKDRPMh6qv2SYMWNq85IEa8iZyAv8od9zDYpGSnpBEjNgcMNq6Scbu5KfIPxNF72R/2EA==",
					"peer": true,
					"requires": {
						"loose-envify": "^1.1.0",
						"object-assign": "^4.1.1"
					}
				}
			}
		},
		"react-is": {
			"version": "16.8.6",
			"resolved": "https://registry.npmjs.org/react-is/-/react-is-16.8.6.tgz",
			"integrity": "sha512-aUk3bHfZ2bRSVFFbbeVS4i+lNPZr3/WM5jT2J5omUVV1zzcs1nAaf3l51ctA5FFvCRbhrH0bdAsRRQddFJZPtA==",
			"peer": true
		},
		"regenerator-runtime": {
			"version": "0.13.2",
			"resolved": "https://registry.npmjs.org/regenerator-runtime/-/regenerator-runtime-0.13.2.tgz",
			"integrity": "sha512-S/TQAZJO+D3m9xeN1WTI8dLKBBiRgXBlTJvbWjCThHWZj9EvHK70Ff50/tYj2J/fvBY6JtFVwRuazHN2E7M9BA==",
			"peer": true
		},
		"uniforms": {
			"version": "3.5.5",
			"resolved": "https://registry.npmjs.org/uniforms/-/uniforms-3.5.5.tgz",
			"integrity": "sha512-X5EQnm2CL5KSbu+ZAUua8sIZbzCMXtmSFQf3hTzBQydzYkhy1mm+19OcdrvJJn//Bf8vbUcaycxefZ9qRL4hKA==",
			"requires": {
				"invariant": "^2.0.0",
				"lodash": "^4.0.0",
				"tslib": "^2.2.0"
			},
			"dependencies": {
				"tslib": {
					"version": "2.3.1",
					"resolved": "https://registry.npmjs.org/tslib/-/tslib-2.3.1.tgz",
					"integrity": "sha512-77EbyPPpMz+FRFRuAFlWMtmgUWGe9UOG2Z25NqCwiIjRhOf5iKGuzSe5P2w1laq+FkRy4p+PCuVkJSGkzTEKVw=="
				}
			}
		}
	}
}
